
Microsoft Visual Studio Solution File, Format Version 12.00
# Visual Studio Version 17
VisualStudioVersion = 17.11.35303.130
MinimumVisualStudioVersion = 10.0.40219.1
Project("{FAE04EC0-301F-11D3-BF4B-00C04F79EFBC}") = "Practice8", "Practice8\Practice8.csproj", "{394AB846-2895-4CBA-8D7E-8EC61B81E06F}"
EndProject
Global
	GlobalSection(SolutionConfigurationPlatforms) = preSolution
		Debug|Any CPU = Debug|Any CPU
		Release|Any CPU = Release|Any CPU
	EndGlobalSection
	GlobalSection(ProjectConfigurationPlatforms) = postSolution
		{394AB846-2895-4CBA-8D7E-8EC61B81E06F}.Debug|Any CPU.ActiveCfg = Debug|Any CPU
		{394AB846-2895-4CBA-8D7E-8EC61B81E06F}.Debug|Any CPU.Build.0 = Debug|Any CPU
		{394AB846-2895-4CBA-8D7E-8EC61B81E06F}.Release|Any CPU.ActiveCfg = Release|Any CPU
		{394AB846-2895-4CBA-8D7E-8EC61B81E06F}.Release|Any CPU.Build.0 = Release|Any CPU
	EndGlobalSection
	GlobalSection(SolutionProperties) = preSolution
		HideSolutionNode = FALSE
	EndGlobalSection
	GlobalSection(ExtensibilityGlobals) = postSolution
		SolutionGuid = {6696AF58-034D-40E3-8731-7BF1FF4DEAC0}
	EndGlobalSection
EndGlobal
